// !$*UTF8*$!
{
	archiveVersion = 1;
	classes = {
	};
	objectVersion = 50;
	objects = {

/* Begin PBXBuildFile section */
		32E78AEF252BBAD700948B13 /* AppDelegate.swift in Sources */ = {isa = PBXBuildFile; fileRef = 32E78AEE252BBAD700948B13 /* AppDelegate.swift */; };
		32E78AF1252BBAD700948B13 /* SceneDelegate.swift in Sources */ = {isa = PBXBuildFile; fileRef = 32E78AF0252BBAD700948B13 /* SceneDelegate.swift */; };
		32E78AF8252BBADD00948B13 /* Assets.xcassets in Resources */ = {isa = PBXBuildFile; fileRef = 32E78AF7252BBADD00948B13 /* Assets.xcassets */; };
		32E78AFB252BBADD00948B13 /* LaunchScreen.storyboard in Resources */ = {isa = PBXBuildFile; fileRef = 32E78AF9252BBADD00948B13 /* LaunchScreen.storyboard */; };
		32E78B09252BBEE300948B13 /* SignUpViewController.swift in Sources */ = {isa = PBXBuildFile; fileRef = 32E78B07252BBEE300948B13 /* SignUpViewController.swift */; };
		32E78B0A252BBEE300948B13 /* SignUpViewController.xib in Resources */ = {isa = PBXBuildFile; fileRef = 32E78B08252BBEE300948B13 /* SignUpViewController.xib */; };
		32E78B0E252BBF0A00948B13 /* HomeLoginViewController.swift in Sources */ = {isa = PBXBuildFile; fileRef = 32E78B0C252BBF0A00948B13 /* HomeLoginViewController.swift */; };
		32E78B0F252BBF0A00948B13 /* HomeLoginViewController.xib in Resources */ = {isa = PBXBuildFile; fileRef = 32E78B0D252BBF0A00948B13 /* HomeLoginViewController.xib */; };
		32E78B13252BBF1500948B13 /* HomeViewController.swift in Sources */ = {isa = PBXBuildFile; fileRef = 32E78B11252BBF1500948B13 /* HomeViewController.swift */; };
		32E78B14252BBF1500948B13 /* HomeViewController.xib in Resources */ = {isa = PBXBuildFile; fileRef = 32E78B12252BBF1500948B13 /* HomeViewController.xib */; };
		32E78B19252BC00C00948B13 /* RoundButton.swift in Sources */ = {isa = PBXBuildFile; fileRef = 32E78B18252BC00C00948B13 /* RoundButton.swift */; };
		32E78B1C252BC0E200948B13 /* Colors.swift in Sources */ = {isa = PBXBuildFile; fileRef = 32E78B1B252BC0E200948B13 /* Colors.swift */; };
/* End PBXBuildFile section */

/* Begin PBXFileReference section */
		32E78AEB252BBAD700948B13 /* GoPass-Test.app */ = {isa = PBXFileReference; explicitFileType = wrapper.application; includeInIndex = 0; path = "GoPass-Test.app"; sourceTree = BUILT_PRODUCTS_DIR; };
		32E78AEE252BBAD700948B13 /* AppDelegate.swift */ = {isa = PBXFileReference; lastKnownFileType = sourcecode.swift; path = AppDelegate.swift; sourceTree = "<group>"; };
		32E78AF0252BBAD700948B13 /* SceneDelegate.swift */ = {isa = PBXFileReference; lastKnownFileType = sourcecode.swift; path = SceneDelegate.swift; sourceTree = "<group>"; };
		32E78AF7252BBADD00948B13 /* Assets.xcassets */ = {isa = PBXFileReference; lastKnownFileType = folder.assetcatalog; path = Assets.xcassets; sourceTree = "<group>"; };
		32E78AFA252BBADD00948B13 /* Base */ = {isa = PBXFileReference; lastKnownFileType = file.storyboard; name = Base; path = Base.lproj/LaunchScreen.storyboard; sourceTree = "<group>"; };
		32E78AFC252BBADD00948B13 /* Info.plist */ = {isa = PBXFileReference; lastKnownFileType = text.plist.xml; path = Info.plist; sourceTree = "<group>"; };
		32E78B07252BBEE300948B13 /* SignUpViewController.swift */ = {isa = PBXFileReference; lastKnownFileType = sourcecode.swift; path = SignUpViewController.swift; sourceTree = "<group>"; };
		32E78B08252BBEE300948B13 /* SignUpViewController.xib */ = {isa = PBXFileReference; lastKnownFileType = file.xib; path = SignUpViewController.xib; sourceTree = "<group>"; };
		32E78B0C252BBF0A00948B13 /* HomeLoginViewController.swift */ = {isa = PBXFileReference; lastKnownFileType = sourcecode.swift; path = HomeLoginViewController.swift; sourceTree = "<group>"; };
		32E78B0D252BBF0A00948B13 /* HomeLoginViewController.xib */ = {isa = PBXFileReference; lastKnownFileType = file.xib; path = HomeLoginViewController.xib; sourceTree = "<group>"; };
		32E78B11252BBF1500948B13 /* HomeViewController.swift */ = {isa = PBXFileReference; lastKnownFileType = sourcecode.swift; path = HomeViewController.swift; sourceTree = "<group>"; };
		32E78B12252BBF1500948B13 /* HomeViewController.xib */ = {isa = PBXFileReference; lastKnownFileType = file.xib; path = HomeViewController.xib; sourceTree = "<group>"; };
		32E78B18252BC00C00948B13 /* RoundButton.swift */ = {isa = PBXFileReference; lastKnownFileType = sourcecode.swift; path = RoundButton.swift; sourceTree = "<group>"; };
		32E78B1B252BC0E200948B13 /* Colors.swift */ = {isa = PBXFileReference; lastKnownFileType = sourcecode.swift; path = Colors.swift; sourceTree = "<group>"; };
/* End PBXFileReference section */

/* Begin PBXFrameworksBuildPhase section */
		32E78AE8252BBAD700948B13 /* Frameworks */ = {
			isa = PBXFrameworksBuildPhase;
			buildActionMask = 2147483647;
			files = (
			);
			runOnlyForDeploymentPostprocessing = 0;
		};
/* End PBXFrameworksBuildPhase section */

/* Begin PBXGroup section */
		32E78AE2252BBAD700948B13 = {
			isa = PBXGroup;
			children = (
				32E78AED252BBAD700948B13 /* GoPass-Test */,
				32E78AEC252BBAD700948B13 /* Products */,
			);
			sourceTree = "<group>";
		};
		32E78AEC252BBAD700948B13 /* Products */ = {
			isa = PBXGroup;
			children = (
				32E78AEB252BBAD700948B13 /* GoPass-Test.app */,
			);
			name = Products;
			sourceTree = "<group>";
		};
		32E78AED252BBAD700948B13 /* GoPass-Test */ = {
			isa = PBXGroup;
			children = (
				32E78B1B252BC0E200948B13 /* Colors.swift */,
				32E78B16252BBFDA00948B13 /* Custom Controls */,
				32E78AEE252BBAD700948B13 /* AppDelegate.swift */,
				32E78AF0252BBAD700948B13 /* SceneDelegate.swift */,
				32E78B05252BBD5800948B13 /* Views */,
				32E78AF7252BBADD00948B13 /* Assets.xcassets */,
				32E78AF9252BBADD00948B13 /* LaunchScreen.storyboard */,
				32E78AFC252BBADD00948B13 /* Info.plist */,
			);
			path = "GoPass-Test";
			sourceTree = "<group>";
		};
		32E78B05252BBD5800948B13 /* Views */ = {
			isa = PBXGroup;
			children = (
				32E78B07252BBEE300948B13 /* SignUpViewController.swift */,
				32E78B08252BBEE300948B13 /* SignUpViewController.xib */,
				32E78B0C252BBF0A00948B13 /* HomeLoginViewController.swift */,
				32E78B0D252BBF0A00948B13 /* HomeLoginViewController.xib */,
				32E78B11252BBF1500948B13 /* HomeViewController.swift */,
				32E78B12252BBF1500948B13 /* HomeViewController.xib */,
			);
			path = Views;
			sourceTree = "<group>";
		};
		32E78B16252BBFDA00948B13 /* Custom Controls */ = {
			isa = PBXGroup;
			children = (
				32E78B18252BC00C00948B13 /* RoundButton.swift */,
			);
			path = "Custom Controls";
			sourceTree = "<group>";
		};
/* End PBXGroup section */

/* Begin PBXNativeTarget section */
		32E78AEA252BBAD700948B13 /* GoPass-Test */ = {
			isa = PBXNativeTarget;
			buildConfigurationList = 32E78AFF252BBADD00948B13 /* Build configuration list for PBXNativeTarget "GoPass-Test" */;
			buildPhases = (
				32E78AE7252BBAD700948B13 /* Sources */,
				32E78AE8252BBAD700948B13 /* Frameworks */,
				32E78AE9252BBAD700948B13 /* Resources */,
			);
			buildRules = (
			);
			dependencies = (
			);
			name = "GoPass-Test";
			productName = "GoPass-Test";
			productReference = 32E78AEB252BBAD700948B13 /* GoPass-Test.app */;
			productType = "com.apple.product-type.application";
		};
/* End PBXNativeTarget section */

/* Begin PBXProject section */
		32E78AE3252BBAD700948B13 /* Project object */ = {
			isa = PBXProject;
			attributes = {
				LastSwiftUpdateCheck = 1200;
				LastUpgradeCheck = 1200;
				TargetAttributes = {
					32E78AEA252BBAD700948B13 = {
						CreatedOnToolsVersion = 12.0;
					};
				};
			};
			buildConfigurationList = 32E78AE6252BBAD700948B13 /* Build configuration list for PBXProject "GoPass-Test" */;
			compatibilityVersion = "Xcode 9.3";
			developmentRegion = en;
			hasScannedForEncodings = 0;
			knownRegions = (
				en,
				Base,
			);
			mainGroup = 32E78AE2252BBAD700948B13;
			productRefGroup = 32E78AEC252BBAD700948B13 /* Products */;
			projectDirPath = "";
			projectRoot = "";
			targets = (
				32E78AEA252BBAD700948B13 /* GoPass-Test */,
			);
		};
/* End PBXProject section */

/* Begin PBXResourcesBuildPhase section */
		32E78AE9252BBAD700948B13 /* Resources */ = {
			isa = PBXResourcesBuildPhase;
			buildActionMask = 2147483647;
			files = (
				32E78AFB252BBADD00948B13 /* LaunchScreen.storyboard in Resources */,
				32E78B0F252BBF0A00948B13 /* HomeLoginViewController.xib in Resources */,
				32E78B14252BBF1500948B13 /* HomeViewController.xib in Resources */,
				32E78B0A252BBEE300948B13 /* SignUpViewController.xib in Resources */,
				32E78AF8252BBADD00948B13 /* Assets.xcassets in Resources */,
			);
			runOnlyForDeploymentPostprocessing = 0;
		};
/* End PBXResourcesBuildPhase section */

/* Begin PBXSourcesBuildPhase section */
		32E78AE7252BBAD700948B13 /* Sources */ = {
			isa = PBXSourcesBuildPhase;
			buildActionMask = 2147483647;
			files = (
				32E78B19252BC00C00948B13 /* RoundButton.swift in Sources */,
				32E78B13252BBF1500948B13 /* HomeViewController.swift in Sources */,
				32E78B09252BBEE300948B13 /* SignUpViewController.swift in Sources */,
				32E78B1C252BC0E200948B13 /* Colors.swift in Sources */,
				32E78B0E252BBF0A00948B13 /* HomeLoginViewController.swift in Sources */,
				32E78AEF252BBAD700948B13 /* AppDelegate.swift in Sources */,
				32E78AF1252BBAD700948B13 /* SceneDelegate.swift in Sources */,
			);
			runOnlyForDeploymentPostprocessing = 0;
		};
/* End PBXSourcesBuildPhase section */

/* Begin PBXVariantGroup section */
		32E78AF9252BBADD00948B13 /* LaunchScreen.storyboard */ = {
			isa = PBXVariantGroup;
			children = (
				32E78AFA252BBADD00948B13 /* Base */,
			);
			name = LaunchScreen.storyboard;
			sourceTree = "<group>";
		};
/* End PBXVariantGroup section */

/* Begin XCBuildConfiguration section */
		32E78AFD252BBADD00948B13 /* Debug */ = {
			isa = XCBuildConfiguration;
			buildSettings = {
				ALWAYS_SEARCH_USER_PATHS = NO;
				CLANG_ANALYZER_NONNULL = YES;
				CLANG_ANALYZER_NUMBER_OBJECT_CONVERSION = YES_AGGRESSIVE;
				CLANG_CXX_LANGUAGE_STANDARD = "gnu++14";
				CLANG_CXX_LIBRARY = "libc++";
				CLANG_ENABLE_MODULES = YES;
				CLANG_ENABLE_OBJC_ARC = YES;
				CLANG_ENABLE_OBJC_WEAK = YES;
				CLANG_WARN_BLOCK_CAPTURE_AUTORELEASING = YES;
				CLANG_WARN_BOOL_CONVERSION = YES;
				CLANG_WARN_COMMA = YES;
				CLANG_WARN_CONSTANT_CONVERSION = YES;
				CLANG_WARN_DEPRECATED_OBJC_IMPLEMENTATIONS = YES;
				CLANG_WARN_DIRECT_OBJC_ISA_USAGE = YES_ERROR;
				CLANG_WARN_DOCUMENTATION_COMMENTS = YES;
				CLANG_WARN_EMPTY_BODY = YES;
				CLANG_WARN_ENUM_CONVERSION = YES;
				CLANG_WARN_INFINITE_RECURSION = YES;
				CLANG_WARN_INT_CONVERSION = YES;
				CLANG_WARN_NON_LITERAL_NULL_CONVERSION = YES;
				CLANG_WARN_OBJC_IMPLICIT_RETAIN_SELF = YES;
				CLANG_WARN_OBJC_LITERAL_CONVERSION = YES;
				CLANG_WARN_OBJC_ROOT_CLASS = YES_ERROR;
				CLANG_WARN_QUOTED_INCLUDE_IN_FRAMEWORK_HEADER = YES;
				CLANG_WARN_RANGE_LOOP_ANALYSIS = YES;
				CLANG_WARN_STRICT_PROTOTYPES = YES;
				CLANG_WARN_SUSPICIOUS_MOVE = YES;
				CLANG_WARN_UNGUARDED_AVAILABILITY = YES_AGGRESSIVE;
				CLANG_WARN_UNREACHABLE_CODE = YES;
				CLANG_WARN__DUPLICATE_METHOD_MATCH = YES;
				COPY_PHASE_STRIP = NO;
				DEBUG_INFORMATION_FORMAT = dwarf;
				ENABLE_STRICT_OBJC_MSGSEND = YES;
				ENABLE_TESTABILITY = YES;
				GCC_C_LANGUAGE_STANDARD = gnu11;
				GCC_DYNAMIC_NO_PIC = NO;
				GCC_NO_COMMON_BLOCKS = YES;
				GCC_OPTIMIZATION_LEVEL = 0;
				GCC_PREPROCESSOR_DEFINITIONS = (
					"DEBUG=1",
					"$(inherited)",
				);
				GCC_WARN_64_TO_32_BIT_CONVERSION = YES;
				GCC_WARN_ABOUT_RETURN_TYPE = YES_ERROR;
				GCC_WARN_UNDECLARED_SELECTOR = YES;
				GCC_WARN_UNINITIALIZED_AUTOS = YES_AGGRESSIVE;
				GCC_WARN_UNUSED_FUNCTION = YES;
				GCC_WARN_UNUSED_VARIABLE = YES;
				IPHONEOS_DEPLOYMENT_TARGET = 14.0;
				MTL_ENABLE_DEBUG_INFO = INCLUDE_SOURCE;
				MTL_FAST_MATH = YES;
				ONLY_ACTIVE_ARCH = YES;
				SDKROOT = iphoneos;
				SWIFT_ACTIVE_COMPILATION_CONDITIONS = DEBUG;
				SWIFT_OPTIMIZATION_LEVEL = "-Onone";
			};
			name = Debug;
		};
		32E78AFE252BBADD00948B13 /* Release */ = {
			isa = XCBuildConfiguration;
			buildSettings = {
				ALWAYS_SEARCH_USER_PATHS = NO;
				CLANG_ANALYZER_NONNULL = YES;
				CLANG_ANALYZER_NUMBER_OBJECT_CONVERSION = YES_AGGRESSIVE;
				CLANG_CXX_LANGUAGE_STANDARD = "gnu++14";
				CLANG_CXX_LIBRARY = "libc++";
				CLANG_ENABLE_MODULES = YES;
				CLANG_ENABLE_OBJC_ARC = YES;
				CLANG_ENABLE_OBJC_WEAK = YES;
				CLANG_WARN_BLOCK_CAPTURE_AUTORELEASING = YES;
				CLANG_WARN_BOOL_CONVERSION = YES;
				CLANG_WARN_COMMA = YES;
				CLANG_WARN_CONSTANT_CONVERSION = YES;
				CLANG_WARN_DEPRECATED_OBJC_IMPLEMENTATIONS = YES;
				CLANG_WARN_DIRECT_OBJC_ISA_USAGE = YES_ERROR;
				CLANG_WARN_DOCUMENTATION_COMMENTS = YES;
				CLANG_WARN_EMPTY_BODY = YES;
				CLANG_WARN_ENUM_CONVERSION = YES;
				CLANG_WARN_INFINITE_RECURSION = YES;
				CLANG_WARN_INT_CONVERSION = YES;
				CLANG_WARN_NON_LITERAL_NULL_CONVERSION = YES;
				CLANG_WARN_OBJC_IMPLICIT_RETAIN_SELF = YES;
				CLANG_WARN_OBJC_LITERAL_CONVERSION = YES;
				CLANG_WARN_OBJC_ROOT_CLASS = YES_ERROR;
				CLANG_WARN_QUOTED_INCLUDE_IN_FRAMEWORK_HEADER = YES;
				CLANG_WARN_RANGE_LOOP_ANALYSIS = YES;
				CLANG_WARN_STRICT_PROTOTYPES = YES;
				CLANG_WARN_SUSPICIOUS_MOVE = YES;
				CLANG_WARN_UNGUARDED_AVAILABILITY = YES_AGGRESSIVE;
				CLANG_WARN_UNREACHABLE_CODE = YES;
				CLANG_WARN__DUPLICATE_METHOD_MATCH = YES;
				COPY_PHASE_STRIP = NO;
				DEBUG_INFORMATION_FORMAT = "dwarf-with-dsym";
				ENABLE_NS_ASSERTIONS = NO;
				ENABLE_STRICT_OBJC_MSGSEND = YES;
				GCC_C_LANGUAGE_STANDARD = gnu11;
				GCC_NO_COMMON_BLOCKS = YES;
				GCC_WARN_64_TO_32_BIT_CONVERSION = YES;
				GCC_WARN_ABOUT_RETURN_TYPE = YES_ERROR;
				GCC_WARN_UNDECLARED_SELECTOR = YES;
				GCC_WARN_UNINITIALIZED_AUTOS = YES_AGGRESSIVE;
				GCC_WARN_UNUSED_FUNCTION = YES;
				GCC_WARN_UNUSED_VARIABLE = YES;
				IPHONEOS_DEPLOYMENT_TARGET = 14.0;
				MTL_ENABLE_DEBUG_INFO = NO;
				MTL_FAST_MATH = YES;
				SDKROOT = iphoneos;
				SWIFT_COMPILATION_MODE = wholemodule;
				SWIFT_OPTIMIZATION_LEVEL = "-O";
				VALIDATE_PRODUCT = YES;
			};
			name = Release;
		};
		32E78B00252BBADD00948B13 /* Debug */ = {
			isa = XCBuildConfiguration;
			buildSettings = {
				ASSETCATALOG_COMPILER_APPICON_NAME = AppIcon;
				ASSETCATALOG_COMPILER_GLOBAL_ACCENT_COLOR_NAME = AccentColor;
				CODE_SIGN_STYLE = Automatic;
				DEVELOPMENT_TEAM = 25JHVANVX3;
				INFOPLIST_FILE = "GoPass-Test/Info.plist";
				LD_RUNPATH_SEARCH_PATHS = (
					"$(inherited)",
					"@executable_path/Frameworks",
				);
				PRODUCT_BUNDLE_IDENTIFIER = "com.juan.gopass-test.GoPass-Test";
				PRODUCT_NAME = "$(TARGET_NAME)";
				SWIFT_VERSION = 5.0;
				TARGETED_DEVICE_FAMILY = "1,2";
			};
			name = Debug;
		};
		32E78B01252BBADD00948B13 /* Release */ = {
			isa = XCBuildConfiguration;
			buildSettings = {
				ASSETCATALOG_COMPILER_APPICON_NAME = AppIcon;
				ASSETCATALOG_COMPILER_GLOBAL_ACCENT_COLOR_NAME = AccentColor;
				CODE_SIGN_STYLE = Automatic;
				DEVELOPMENT_TEAM = 25JHVANVX3;
				INFOPLIST_FILE = "GoPass-Test/Info.plist";
				LD_RUNPATH_SEARCH_PATHS = (
					"$(inherited)",
					"@executable_path/Frameworks",
				);
				PRODUCT_BUNDLE_IDENTIFIER = "com.juan.gopass-test.GoPass-Test";
				PRODUCT_NAME = "$(TARGET_NAME)";
				SWIFT_VERSION = 5.0;
				TARGETED_DEVICE_FAMILY = "1,2";
			};
			name = Release;
		};
/* End XCBuildConfiguration section */

/* Begin XCConfigurationList section */
		32E78AE6252BBAD700948B13 /* Build configuration list for PBXProject "GoPass-Test" */ = {
			isa = XCConfigurationList;
			buildConfigurations = (
				32E78AFD252BBADD00948B13 /* Debug */,
				32E78AFE252BBADD00948B13 /* Release */,
			);
			defaultConfigurationIsVisible = 0;
			defaultConfigurationName = Release;
		};
		32E78AFF252BBADD00948B13 /* Build configuration list for PBXNativeTarget "GoPass-Test" */ = {
			isa = XCConfigurationList;
			buildConfigurations = (
				32E78B00252BBADD00948B13 /* Debug */,
				32E78B01252BBADD00948B13 /* Release */,
			);
			defaultConfigurationIsVisible = 0;
			defaultConfigurationName = Release;
		};
/* End XCConfigurationList section */
	};
	rootObject = 32E78AE3252BBAD700948B13 /* Project object */;
}
